// !$*UTF8*$!
{
	archiveVersion = 1;
	classes = {
	};
	objectVersion = 50;
	objects = {

/* Begin PBXBuildFile section */
		18A52FC525559D3A004E0B35 /* AppDelegate.swift in Sources */ = {isa = PBXBuildFile; fileRef = 18A52FC425559D3A004E0B35 /* AppDelegate.swift */; };
		18A52FC725559D3A004E0B35 /* SceneDelegate.swift in Sources */ = {isa = PBXBuildFile; fileRef = 18A52FC625559D3A004E0B35 /* SceneDelegate.swift */; };
		18A52FC925559D3A004E0B35 /* ViewController.swift in Sources */ = {isa = PBXBuildFile; fileRef = 18A52FC825559D3A004E0B35 /* ViewController.swift */; };
		18A52FCC25559D3A004E0B35 /* Main.storyboard in Resources */ = {isa = PBXBuildFile; fileRef = 18A52FCA25559D3A004E0B35 /* Main.storyboard */; };
		18A52FCE25559D3B004E0B35 /* Assets.xcassets in Resources */ = {isa = PBXBuildFile; fileRef = 18A52FCD25559D3B004E0B35 /* Assets.xcassets */; };
		18A52FD125559D3B004E0B35 /* LaunchScreen.storyboard in Resources */ = {isa = PBXBuildFile; fileRef = 18A52FCF25559D3B004E0B35 /* LaunchScreen.storyboard */; };
		18A52FDC25559D3B004E0B35 /* hello_worldTests.swift in Sources */ = {isa = PBXBuildFile; fileRef = 18A52FDB25559D3B004E0B35 /* hello_worldTests.swift */; };
		18A52FE725559D3B004E0B35 /* hello_worldUITests.swift in Sources */ = {isa = PBXBuildFile; fileRef = 18A52FE625559D3B004E0B35 /* hello_worldUITests.swift */; };
/* End PBXBuildFile section */

/* Begin PBXContainerItemProxy section */
		18A52FD825559D3B004E0B35 /* PBXContainerItemProxy */ = {
			isa = PBXContainerItemProxy;
			containerPortal = 18A52FB925559D3A004E0B35 /* Project object */;
			proxyType = 1;
			remoteGlobalIDString = 18A52FC025559D3A004E0B35;
			remoteInfo = "hello world";
		};
		18A52FE325559D3B004E0B35 /* PBXContainerItemProxy */ = {
			isa = PBXContainerItemProxy;
			containerPortal = 18A52FB925559D3A004E0B35 /* Project object */;
			proxyType = 1;
			remoteGlobalIDString = 18A52FC025559D3A004E0B35;
			remoteInfo = "hello world";
		};
/* End PBXContainerItemProxy section */

/* Begin PBXFileReference section */
		18A52FC125559D3A004E0B35 /* hello world.app */ = {isa = PBXFileReference; explicitFileType = wrapper.application; includeInIndex = 0; path = "hello world.app"; sourceTree = BUILT_PRODUCTS_DIR; };
		18A52FC425559D3A004E0B35 /* AppDelegate.swift */ = {isa = PBXFileReference; lastKnownFileType = sourcecode.swift; path = AppDelegate.swift; sourceTree = "<group>"; };
		18A52FC625559D3A004E0B35 /* SceneDelegate.swift */ = {isa = PBXFileReference; lastKnownFileType = sourcecode.swift; path = SceneDelegate.swift; sourceTree = "<group>"; };
		18A52FC825559D3A004E0B35 /* ViewController.swift */ = {isa = PBXFileReference; lastKnownFileType = sourcecode.swift; path = ViewController.swift; sourceTree = "<group>"; };
		18A52FCB25559D3A004E0B35 /* Base */ = {isa = PBXFileReference; lastKnownFileType = file.storyboard; name = Base; path = Base.lproj/Main.storyboard; sourceTree = "<group>"; };
		18A52FCD25559D3B004E0B35 /* Assets.xcassets */ = {isa = PBXFileReference; lastKnownFileType = folder.assetcatalog; path = Assets.xcassets; sourceTree = "<group>"; };
		18A52FD025559D3B004E0B35 /* Base */ = {isa = PBXFileReference; lastKnownFileType = file.storyboard; name = Base; path = Base.lproj/LaunchScreen.storyboard; sourceTree = "<group>"; };
		18A52FD225559D3B004E0B35 /* Info.plist */ = {isa = PBXFileReference; lastKnownFileType = text.plist.xml; path = Info.plist; sourceTree = "<group>"; };
		18A52FD725559D3B004E0B35 /* hello worldTests.xctest */ = {isa = PBXFileReference; explicitFileType = wrapper.cfbundle; includeInIndex = 0; path = "hello worldTests.xctest"; sourceTree = BUILT_PRODUCTS_DIR; };
		18A52FDB25559D3B004E0B35 /* hello_worldTests.swift */ = {isa = PBXFileReference; lastKnownFileType = sourcecode.swift; path = hello_worldTests.swift; sourceTree = "<group>"; };
		18A52FDD25559D3B004E0B35 /* Info.plist */ = {isa = PBXFileReference; lastKnownFileType = text.plist.xml; path = Info.plist; sourceTree = "<group>"; };
		18A52FE225559D3B004E0B35 /* hello worldUITests.xctest */ = {isa = PBXFileReference; explicitFileType = wrapper.cfbundle; includeInIndex = 0; path = "hello worldUITests.xctest"; sourceTree = BUILT_PRODUCTS_DIR; };
		18A52FE625559D3B004E0B35 /* hello_worldUITests.swift */ = {isa = PBXFileReference; lastKnownFileType = sourcecode.swift; path = hello_worldUITests.swift; sourceTree = "<group>"; };
		18A52FE825559D3B004E0B35 /* Info.plist */ = {isa = PBXFileReference; lastKnownFileType = text.plist.xml; path = Info.plist; sourceTree = "<group>"; };
/* End PBXFileReference section */

/* Begin PBXFrameworksBuildPhase section */
		18A52FBE25559D3A004E0B35 /* Frameworks */ = {
			isa = PBXFrameworksBuildPhase;
			buildActionMask = 2147483647;
			files = (
			);
			runOnlyForDeploymentPostprocessing = 0;
		};
		18A52FD425559D3B004E0B35 /* Frameworks */ = {
			isa = PBXFrameworksBuildPhase;
			buildActionMask = 2147483647;
			files = (
			);
			runOnlyForDeploymentPostprocessing = 0;
		};
		18A52FDF25559D3B004E0B35 /* Frameworks */ = {
			isa = PBXFrameworksBuildPhase;
			buildActionMask = 2147483647;
			files = (
			);
			runOnlyForDeploymentPostprocessing = 0;
		};
/* End PBXFrameworksBuildPhase section */

/* Begin PBXGroup section */
		18A52FB825559D3A004E0B35 = {
			isa = PBXGroup;
			children = (
				18A52FC325559D3A004E0B35 /* hello world */,
				18A52FDA25559D3B004E0B35 /* hello worldTests */,
				18A52FE525559D3B004E0B35 /* hello worldUITests */,
				18A52FC225559D3A004E0B35 /* Products */,
			);
			sourceTree = "<group>";
		};
		18A52FC225559D3A004E0B35 /* Products */ = {
			isa = PBXGroup;
			children = (
				18A52FC125559D3A004E0B35 /* hello world.app */,
				18A52FD725559D3B004E0B35 /* hello worldTests.xctest */,
				18A52FE225559D3B004E0B35 /* hello worldUITests.xctest */,
			);
			name = Products;
			sourceTree = "<group>";
		};
		18A52FC325559D3A004E0B35 /* hello world */ = {
			isa = PBXGroup;
			children = (
				18A52FC425559D3A004E0B35 /* AppDelegate.swift */,
				18A52FC625559D3A004E0B35 /* SceneDelegate.swift */,
				18A52FC825559D3A004E0B35 /* ViewController.swift */,
				18A52FCA25559D3A004E0B35 /* Main.storyboard */,
				18A52FCD25559D3B004E0B35 /* Assets.xcassets */,
				18A52FCF25559D3B004E0B35 /* LaunchScreen.storyboard */,
				18A52FD225559D3B004E0B35 /* Info.plist */,
			);
			path = "hello world";
			sourceTree = "<group>";
		};
		18A52FDA25559D3B004E0B35 /* hello worldTests */ = {
			isa = PBXGroup;
			children = (
				18A52FDB25559D3B004E0B35 /* hello_worldTests.swift */,
				18A52FDD25559D3B004E0B35 /* Info.plist */,
			);
			path = "hello worldTests";
			sourceTree = "<group>";
		};
		18A52FE525559D3B004E0B35 /* hello worldUITests */ = {
			isa = PBXGroup;
			children = (
				18A52FE625559D3B004E0B35 /* hello_worldUITests.swift */,
				18A52FE825559D3B004E0B35 /* Info.plist */,
			);
			path = "hello worldUITests";
			sourceTree = "<group>";
		};
/* End PBXGroup section */

/* Begin PBXNativeTarget section */
		18A52FC025559D3A004E0B35 /* hello world */ = {
			isa = PBXNativeTarget;
			buildConfigurationList = 18A52FEB25559D3B004E0B35 /* Build configuration list for PBXNativeTarget "hello world" */;
			buildPhases = (
				18A52FBD25559D3A004E0B35 /* Sources */,
				18A52FBE25559D3A004E0B35 /* Frameworks */,
				18A52FBF25559D3A004E0B35 /* Resources */,
			);
			buildRules = (
			);
			dependencies = (
			);
			name = "hello world";
			productName = "hello world";
			productReference = 18A52FC125559D3A004E0B35 /* hello world.app */;
			productType = "com.apple.product-type.application";
		};
		18A52FD625559D3B004E0B35 /* hello worldTests */ = {
			isa = PBXNativeTarget;
			buildConfigurationList = 18A52FEE25559D3B004E0B35 /* Build configuration list for PBXNativeTarget "hello worldTests" */;
			buildPhases = (
				18A52FD325559D3B004E0B35 /* Sources */,
				18A52FD425559D3B004E0B35 /* Frameworks */,
				18A52FD525559D3B004E0B35 /* Resources */,
			);
			buildRules = (
			);
			dependencies = (
				18A52FD925559D3B004E0B35 /* PBXTargetDependency */,
			);
			name = "hello worldTests";
			productName = "hello worldTests";
			productReference = 18A52FD725559D3B004E0B35 /* hello worldTests.xctest */;
			productType = "com.apple.product-type.bundle.unit-test";
		};
		18A52FE125559D3B004E0B35 /* hello worldUITests */ = {
			isa = PBXNativeTarget;
			buildConfigurationList = 18A52FF125559D3B004E0B35 /* Build configuration list for PBXNativeTarget "hello worldUITests" */;
			buildPhases = (
				18A52FDE25559D3B004E0B35 /* Sources */,
				18A52FDF25559D3B004E0B35 /* Frameworks */,
				18A52FE025559D3B004E0B35 /* Resources */,
			);
			buildRules = (
			);
			dependencies = (
				18A52FE425559D3B004E0B35 /* PBXTargetDependency */,
			);
			name = "hello worldUITests";
			productName = "hello worldUITests";
			productReference = 18A52FE225559D3B004E0B35 /* hello worldUITests.xctest */;
			productType = "com.apple.product-type.bundle.ui-testing";
		};
/* End PBXNativeTarget section */

/* Begin PBXProject section */
		18A52FB925559D3A004E0B35 /* Project object */ = {
			isa = PBXProject;
			attributes = {
				LastSwiftUpdateCheck = 1210;
				LastUpgradeCheck = 1210;
				TargetAttributes = {
					18A52FC025559D3A004E0B35 = {
						CreatedOnToolsVersion = 12.1;
					};
					18A52FD625559D3B004E0B35 = {
						CreatedOnToolsVersion = 12.1;
						TestTargetID = 18A52FC025559D3A004E0B35;
					};
					18A52FE125559D3B004E0B35 = {
						CreatedOnToolsVersion = 12.1;
						TestTargetID = 18A52FC025559D3A004E0B35;
					};
				};
			};
			buildConfigurationList = 18A52FBC25559D3A004E0B35 /* Build configuration list for PBXProject "hello world" */;
			compatibilityVersion = "Xcode 9.3";
			developmentRegion = en;
			hasScannedForEncodings = 0;
			knownRegions = (
				en,
				Base,
			);
			mainGroup = 18A52FB825559D3A004E0B35;
			productRefGroup = 18A52FC225559D3A004E0B35 /* Products */;
			projectDirPath = "";
			projectRoot = "";
			targets = (
				18A52FC025559D3A004E0B35 /* hello world */,
				18A52FD625559D3B004E0B35 /* hello worldTests */,
				18A52FE125559D3B004E0B35 /* hello worldUITests */,
			);
		};
/* End PBXProject section */

/* Begin PBXResourcesBuildPhase section */
		18A52FBF25559D3A004E0B35 /* Resources */ = {
			isa = PBXResourcesBuildPhase;
			buildActionMask = 2147483647;
			files = (
				18A52FD125559D3B004E0B35 /* LaunchScreen.storyboard in Resources */,
				18A52FCE25559D3B004E0B35 /* Assets.xcassets in Resources */,
				18A52FCC25559D3A004E0B35 /* Main.storyboard in Resources */,
			);
			runOnlyForDeploymentPostprocessing = 0;
		};
		18A52FD525559D3B004E0B35 /* Resources */ = {
			isa = PBXResourcesBuildPhase;
			buildActionMask = 2147483647;
			files = (
			);
			runOnlyForDeploymentPostprocessing = 0;
		};
		18A52FE025559D3B004E0B35 /* Resources */ = {
			isa = PBXResourcesBuildPhase;
			buildActionMask = 2147483647;
			files = (
			);
			runOnlyForDeploymentPostprocessing = 0;
		};
/* End PBXResourcesBuildPhase section */

/* Begin PBXSourcesBuildPhase section */
		18A52FBD25559D3A004E0B35 /* Sources */ = {
			isa = PBXSourcesBuildPhase;
			buildActionMask = 2147483647;
			files = (
				18A52FC925559D3A004E0B35 /* ViewController.swift in Sources */,
				18A52FC525559D3A004E0B35 /* AppDelegate.swift in Sources */,
				18A52FC725559D3A004E0B35 /* SceneDelegate.swift in Sources */,
			);
			runOnlyForDeploymentPostprocessing = 0;
		};
		18A52FD325559D3B004E0B35 /* Sources */ = {
			isa = PBXSourcesBuildPhase;
			buildActionMask = 2147483647;
			files = (
				18A52FDC25559D3B004E0B35 /* hello_worldTests.swift in Sources */,
			);
			runOnlyForDeploymentPostprocessing = 0;
		};
		18A52FDE25559D3B004E0B35 /* Sources */ = {
			isa = PBXSourcesBuildPhase;
			buildActionMask = 2147483647;
			files = (
				18A52FE725559D3B004E0B35 /* hello_worldUITests.swift in Sources */,
			);
			runOnlyForDeploymentPostprocessing = 0;
		};
/* End PBXSourcesBuildPhase section */

/* Begin PBXTargetDependency section */
		18A52FD925559D3B004E0B35 /* PBXTargetDependency */ = {
			isa = PBXTargetDependency;
			target = 18A52FC025559D3A004E0B35 /* hello world */;
			targetProxy = 18A52FD825559D3B004E0B35 /* PBXContainerItemProxy */;
		};
		18A52FE425559D3B004E0B35 /* PBXTargetDependency */ = {
			isa = PBXTargetDependency;
			target = 18A52FC025559D3A004E0B35 /* hello world */;
			targetProxy = 18A52FE325559D3B004E0B35 /* PBXContainerItemProxy */;
		};
/* End PBXTargetDependency section */

/* Begin PBXVariantGroup section */
		18A52FCA25559D3A004E0B35 /* Main.storyboard */ = {
			isa = PBXVariantGroup;
			children = (
				18A52FCB25559D3A004E0B35 /* Base */,
			);
			name = Main.storyboard;
			sourceTree = "<group>";
		};
		18A52FCF25559D3B004E0B35 /* LaunchScreen.storyboard */ = {
			isa = PBXVariantGroup;
			children = (
				18A52FD025559D3B004E0B35 /* Base */,
			);
			name = LaunchScreen.storyboard;
			sourceTree = "<group>";
		};
/* End PBXVariantGroup section */

/* Begin XCBuildConfiguration section */
		18A52FE925559D3B004E0B35 /* Debug */ = {
			isa = XCBuildConfiguration;
			buildSettings = {
				ALWAYS_SEARCH_USER_PATHS = NO;
				CLANG_ANALYZER_NONNULL = YES;
				CLANG_ANALYZER_NUMBER_OBJECT_CONVERSION = YES_AGGRESSIVE;
				CLANG_CXX_LANGUAGE_STANDARD = "gnu++14";
				CLANG_CXX_LIBRARY = "libc++";
				CLANG_ENABLE_MODULES = YES;
				CLANG_ENABLE_OBJC_ARC = YES;
				CLANG_ENABLE_OBJC_WEAK = YES;
				CLANG_WARN_BLOCK_CAPTURE_AUTORELEASING = YES;
				CLANG_WARN_BOOL_CONVERSION = YES;
				CLANG_WARN_COMMA = YES;
				CLANG_WARN_CONSTANT_CONVERSION = YES;
				CLANG_WARN_DEPRECATED_OBJC_IMPLEMENTATIONS = YES;
				CLANG_WARN_DIRECT_OBJC_ISA_USAGE = YES_ERROR;
				CLANG_WARN_DOCUMENTATION_COMMENTS = YES;
				CLANG_WARN_EMPTY_BODY = YES;
				CLANG_WARN_ENUM_CONVERSION = YES;
				CLANG_WARN_INFINITE_RECURSION = YES;
				CLANG_WARN_INT_CONVERSION = YES;
				CLANG_WARN_NON_LITERAL_NULL_CONVERSION = YES;
				CLANG_WARN_OBJC_IMPLICIT_RETAIN_SELF = YES;
				CLANG_WARN_OBJC_LITERAL_CONVERSION = YES;
				CLANG_WARN_OBJC_ROOT_CLASS = YES_ERROR;
				CLANG_WARN_QUOTED_INCLUDE_IN_FRAMEWORK_HEADER = YES;
				CLANG_WARN_RANGE_LOOP_ANALYSIS = YES;
				CLANG_WARN_STRICT_PROTOTYPES = YES;
				CLANG_WARN_SUSPICIOUS_MOVE = YES;
				CLANG_WARN_UNGUARDED_AVAILABILITY = YES_AGGRESSIVE;
				CLANG_WARN_UNREACHABLE_CODE = YES;
				CLANG_WARN__DUPLICATE_METHOD_MATCH = YES;
				COPY_PHASE_STRIP = NO;
				DEBUG_INFORMATION_FORMAT = dwarf;
				ENABLE_STRICT_OBJC_MSGSEND = YES;
				ENABLE_TESTABILITY = YES;
				GCC_C_LANGUAGE_STANDARD = gnu11;
				GCC_DYNAMIC_NO_PIC = NO;
				GCC_NO_COMMON_BLOCKS = YES;
				GCC_OPTIMIZATION_LEVEL = 0;
				GCC_PREPROCESSOR_DEFINITIONS = (
					"DEBUG=1",
					"$(inherited)",
				);
				GCC_WARN_64_TO_32_BIT_CONVERSION = YES;
				GCC_WARN_ABOUT_RETURN_TYPE = YES_ERROR;
				GCC_WARN_UNDECLARED_SELECTOR = YES;
				GCC_WARN_UNINITIALIZED_AUTOS = YES_AGGRESSIVE;
				GCC_WARN_UNUSED_FUNCTION = YES;
				GCC_WARN_UNUSED_VARIABLE = YES;
				IPHONEOS_DEPLOYMENT_TARGET = 14.1;
				MTL_ENABLE_DEBUG_INFO = INCLUDE_SOURCE;
				MTL_FAST_MATH = YES;
				ONLY_ACTIVE_ARCH = YES;
				SDKROOT = iphoneos;
				SWIFT_ACTIVE_COMPILATION_CONDITIONS = DEBUG;
				SWIFT_OPTIMIZATION_LEVEL = "-Onone";
			};
			name = Debug;
		};
		18A52FEA25559D3B004E0B35 /* Release */ = {
			isa = XCBuildConfiguration;
			buildSettings = {
				ALWAYS_SEARCH_USER_PATHS = NO;
				CLANG_ANALYZER_NONNULL = YES;
				CLANG_ANALYZER_NUMBER_OBJECT_CONVERSION = YES_AGGRESSIVE;
				CLANG_CXX_LANGUAGE_STANDARD = "gnu++14";
				CLANG_CXX_LIBRARY = "libc++";
				CLANG_ENABLE_MODULES = YES;
				CLANG_ENABLE_OBJC_ARC = YES;
				CLANG_ENABLE_OBJC_WEAK = YES;
				CLANG_WARN_BLOCK_CAPTURE_AUTORELEASING = YES;
				CLANG_WARN_BOOL_CONVERSION = YES;
				CLANG_WARN_COMMA = YES;
				CLANG_WARN_CONSTANT_CONVERSION = YES;
				CLANG_WARN_DEPRECATED_OBJC_IMPLEMENTATIONS = YES;
				CLANG_WARN_DIRECT_OBJC_ISA_USAGE = YES_ERROR;
				CLANG_WARN_DOCUMENTATION_COMMENTS = YES;
				CLANG_WARN_EMPTY_BODY = YES;
				CLANG_WARN_ENUM_CONVERSION = YES;
				CLANG_WARN_INFINITE_RECURSION = YES;
				CLANG_WARN_INT_CONVERSION = YES;
				CLANG_WARN_NON_LITERAL_NULL_CONVERSION = YES;
				CLANG_WARN_OBJC_IMPLICIT_RETAIN_SELF = YES;
				CLANG_WARN_OBJC_LITERAL_CONVERSION = YES;
				CLANG_WARN_OBJC_ROOT_CLASS = YES_ERROR;
				CLANG_WARN_QUOTED_INCLUDE_IN_FRAMEWORK_HEADER = YES;
				CLANG_WARN_RANGE_LOOP_ANALYSIS = YES;
				CLANG_WARN_STRICT_PROTOTYPES = YES;
				CLANG_WARN_SUSPICIOUS_MOVE = YES;
				CLANG_WARN_UNGUARDED_AVAILABILITY = YES_AGGRESSIVE;
				CLANG_WARN_UNREACHABLE_CODE = YES;
				CLANG_WARN__DUPLICATE_METHOD_MATCH = YES;
				COPY_PHASE_STRIP = NO;
				DEBUG_INFORMATION_FORMAT = "dwarf-with-dsym";
				ENABLE_NS_ASSERTIONS = NO;
				ENABLE_STRICT_OBJC_MSGSEND = YES;
				GCC_C_LANGUAGE_STANDARD = gnu11;
				GCC_NO_COMMON_BLOCKS = YES;
				GCC_WARN_64_TO_32_BIT_CONVERSION = YES;
				GCC_WARN_ABOUT_RETURN_TYPE = YES_ERROR;
				GCC_WARN_UNDECLARED_SELECTOR = YES;
				GCC_WARN_UNINITIALIZED_AUTOS = YES_AGGRESSIVE;
				GCC_WARN_UNUSED_FUNCTION = YES;
				GCC_WARN_UNUSED_VARIABLE = YES;
				IPHONEOS_DEPLOYMENT_TARGET = 14.1;
				MTL_ENABLE_DEBUG_INFO = NO;
				MTL_FAST_MATH = YES;
				SDKROOT = iphoneos;
				SWIFT_COMPILATION_MODE = wholemodule;
				SWIFT_OPTIMIZATION_LEVEL = "-O";
				VALIDATE_PRODUCT = YES;
			};
			name = Release;
		};
		18A52FEC25559D3B004E0B35 /* Debug */ = {
			isa = XCBuildConfiguration;
			buildSettings = {
				ASSETCATALOG_COMPILER_APPICON_NAME = AppIcon;
				ASSETCATALOG_COMPILER_GLOBAL_ACCENT_COLOR_NAME = AccentColor;
				CODE_SIGN_STYLE = Automatic;
				DEVELOPMENT_TEAM = 9YHXDAVF4M;
				INFOPLIST_FILE = "hello world/Info.plist";
				LD_RUNPATH_SEARCH_PATHS = (
					"$(inherited)",
					"@executable_path/Frameworks",
				);
				PRODUCT_BUNDLE_IDENTIFIER = "JinL.hello-world";
				PRODUCT_NAME = "$(TARGET_NAME)";
				SWIFT_VERSION = 5.0;
				TARGETED_DEVICE_FAMILY = "1,2";
			};
			name = Debug;
		};
		18A52FED25559D3B004E0B35 /* Release */ = {
			isa = XCBuildConfiguration;
			buildSettings = {
				ASSETCATALOG_COMPILER_APPICON_NAME = AppIcon;
				ASSETCATALOG_COMPILER_GLOBAL_ACCENT_COLOR_NAME = AccentColor;
				CODE_SIGN_STYLE = Automatic;
				DEVELOPMENT_TEAM = 9YHXDAVF4M;
				INFOPLIST_FILE = "hello world/Info.plist";
				LD_RUNPATH_SEARCH_PATHS = (
					"$(inherited)",
					"@executable_path/Frameworks",
				);
				PRODUCT_BUNDLE_IDENTIFIER = "JinL.hello-world";
				PRODUCT_NAME = "$(TARGET_NAME)";
				SWIFT_VERSION = 5.0;
				TARGETED_DEVICE_FAMILY = "1,2";
			};
			name = Release;
		};
		18A52FEF25559D3B004E0B35 /* Debug */ = {
			isa = XCBuildConfiguration;
			buildSettings = {
				ALWAYS_EMBED_SWIFT_STANDARD_LIBRARIES = YES;
				BUNDLE_LOADER = "$(TEST_HOST)";
				CODE_SIGN_STYLE = Automatic;
				DEVELOPMENT_TEAM = 9YHXDAVF4M;
				INFOPLIST_FILE = "hello worldTests/Info.plist";
				IPHONEOS_DEPLOYMENT_TARGET = 14.1;
				LD_RUNPATH_SEARCH_PATHS = (
					"$(inherited)",
					"@executable_path/Frameworks",
					"@loader_path/Frameworks",
				);
				PRODUCT_BUNDLE_IDENTIFIER = "JinL.hello-worldTests";
				PRODUCT_NAME = "$(TARGET_NAME)";
				SWIFT_VERSION = 5.0;
				TARGETED_DEVICE_FAMILY = "1,2";
				TEST_HOST = "$(BUILT_PRODUCTS_DIR)/hello world.app/hello world";
			};
			name = Debug;
		};
		18A52FF025559D3B004E0B35 /* Release */ = {
			isa = XCBuildConfiguration;
			buildSettings = {
				ALWAYS_EMBED_SWIFT_STANDARD_LIBRARIES = YES;
				BUNDLE_LOADER = "$(TEST_HOST)";
				CODE_SIGN_STYLE = Automatic;
				DEVELOPMENT_TEAM = 9YHXDAVF4M;
				INFOPLIST_FILE = "hello worldTests/Info.plist";
				IPHONEOS_DEPLOYMENT_TARGET = 14.1;
				LD_RUNPATH_SEARCH_PATHS = (
					"$(inherited)",
					"@executable_path/Frameworks",
					"@loader_path/Frameworks",
				);
				PRODUCT_BUNDLE_IDENTIFIER = "JinL.hello-worldTests";
				PRODUCT_NAME = "$(TARGET_NAME)";
				SWIFT_VERSION = 5.0;
				TARGETED_DEVICE_FAMILY = "1,2";
				TEST_HOST = "$(BUILT_PRODUCTS_DIR)/hello world.app/hello world";
			};
			name = Release;
		};
		18A52FF225559D3B004E0B35 /* Debug */ = {
			isa = XCBuildConfiguration;
			buildSettings = {
				ALWAYS_EMBED_SWIFT_STANDARD_LIBRARIES = YES;
				CODE_SIGN_STYLE = Automatic;
				DEVELOPMENT_TEAM = 9YHXDAVF4M;
				INFOPLIST_FILE = "hello worldUITests/Info.plist";
				LD_RUNPATH_SEARCH_PATHS = (
					"$(inherited)",
					"@executable_path/Frameworks",
					"@loader_path/Frameworks",
				);
				PRODUCT_BUNDLE_IDENTIFIER = "JinL.hello-worldUITests";
				PRODUCT_NAME = "$(TARGET_NAME)";
				SWIFT_VERSION = 5.0;
				TARGETED_DEVICE_FAMILY = "1,2";
				TEST_TARGET_NAME = "hello world";
			};
			name = Debug;
		};
		18A52FF325559D3B004E0B35 /* Release */ = {
			isa = XCBuildConfiguration;
			buildSettings = {
				ALWAYS_EMBED_SWIFT_STANDARD_LIBRARIES = YES;
				CODE_SIGN_STYLE = Automatic;
				DEVELOPMENT_TEAM = 9YHXDAVF4M;
				INFOPLIST_FILE = "hello worldUITests/Info.plist";
				LD_RUNPATH_SEARCH_PATHS = (
					"$(inherited)",
					"@executable_path/Frameworks",
					"@loader_path/Frameworks",
				);
				PRODUCT_BUNDLE_IDENTIFIER = "JinL.hello-worldUITests";
				PRODUCT_NAME = "$(TARGET_NAME)";
				SWIFT_VERSION = 5.0;
				TARGETED_DEVICE_FAMILY = "1,2";
				TEST_TARGET_NAME = "hello world";
			};
			name = Release;
		};
/* End XCBuildConfiguration section */

/* Begin XCConfigurationList section */
		18A52FBC25559D3A004E0B35 /* Build configuration list for PBXProject "hello world" */ = {
			isa = XCConfigurationList;
			buildConfigurations = (
				18A52FE925559D3B004E0B35 /* Debug */,
				18A52FEA25559D3B004E0B35 /* Release */,
			);
			defaultConfigurationIsVisible = 0;
			defaultConfigurationName = Release;
		};
		18A52FEB25559D3B004E0B35 /* Build configuration list for PBXNativeTarget "hello world" */ = {
			isa = XCConfigurationList;
			buildConfigurations = (
				18A52FEC25559D3B004E0B35 /* Debug */,
				18A52FED25559D3B004E0B35 /* Release */,
			);
			defaultConfigurationIsVisible = 0;
			defaultConfigurationName = Release;
		};
		18A52FEE25559D3B004E0B35 /* Build configuration list for PBXNativeTarget "hello worldTests" */ = {
			isa = XCConfigurationList;
			buildConfigurations = (
				18A52FEF25559D3B004E0B35 /* Debug */,
				18A52FF025559D3B004E0B35 /* Release */,
			);
			defaultConfigurationIsVisible = 0;
			defaultConfigurationName = Release;
		};
		18A52FF125559D3B004E0B35 /* Build configuration list for PBXNativeTarget "hello worldUITests" */ = {
			isa = XCConfigurationList;
			buildConfigurations = (
				18A52FF225559D3B004E0B35 /* Debug */,
				18A52FF325559D3B004E0B35 /* Release */,
			);
			defaultConfigurationIsVisible = 0;
			defaultConfigurationName = Release;
		};
/* End XCConfigurationList section */
	};
	rootObject = 18A52FB925559D3A004E0B35 /* Project object */;
}
